// !$*UTF8*$!
{
	archiveVersion = 1;
	classes = {
	};
	objectVersion = 46;
	objects = {

/* Begin PBXBuildFile section */
		D57B4617159ECF3D000ABE38 /* UIKit.framework in Frameworks */ = {isa = PBXBuildFile; fileRef = D57B4616159ECF3D000ABE38 /* UIKit.framework */; };
		D57B4619159ECF3D000ABE38 /* Foundation.framework in Frameworks */ = {isa = PBXBuildFile; fileRef = D57B4618159ECF3D000ABE38 /* Foundation.framework */; };
		D57B461B159ECF3D000ABE38 /* CoreGraphics.framework in Frameworks */ = {isa = PBXBuildFile; fileRef = D57B461A159ECF3D000ABE38 /* CoreGraphics.framework */; };
		D57B4621159ECF3D000ABE38 /* InfoPlist.strings in Resources */ = {isa = PBXBuildFile; fileRef = D57B461F159ECF3D000ABE38 /* InfoPlist.strings */; };
		D57B4623159ECF3D000ABE38 /* main.m in Sources */ = {isa = PBXBuildFile; fileRef = D57B4622159ECF3D000ABE38 /* main.m */; };
		D57B4627159ECF3D000ABE38 /* CalculatorAppDelegate.m in Sources */ = {isa = PBXBuildFile; fileRef = D57B4626159ECF3D000ABE38 /* CalculatorAppDelegate.m */; };
		D57B462A159ECF3D000ABE38 /* MainStoryboard.storyboard in Resources */ = {isa = PBXBuildFile; fileRef = D57B4628159ECF3D000ABE38 /* MainStoryboard.storyboard */; };
		D57B462D159ECF3D000ABE38 /* CalculatorViewController.m in Sources */ = {isa = PBXBuildFile; fileRef = D57B462C159ECF3D000ABE38 /* CalculatorViewController.m */; };
/* End PBXBuildFile section */

/* Begin PBXFileReference section */
		D57B4612159ECF3C000ABE38 /* Calculator.app */ = {isa = PBXFileReference; explicitFileType = wrapper.application; includeInIndex = 0; path = Calculator.app; sourceTree = BUILT_PRODUCTS_DIR; };
		D57B4616159ECF3D000ABE38 /* UIKit.framework */ = {isa = PBXFileReference; lastKnownFileType = wrapper.framework; name = UIKit.framework; path = System/Library/Frameworks/UIKit.framework; sourceTree = SDKROOT; };
		D57B4618159ECF3D000ABE38 /* Foundation.framework */ = {isa = PBXFileReference; lastKnownFileType = wrapper.framework; name = Foundation.framework; path = System/Library/Frameworks/Foundation.framework; sourceTree = SDKROOT; };
		D57B461A159ECF3D000ABE38 /* CoreGraphics.framework */ = {isa = PBXFileReference; lastKnownFileType = wrapper.framework; name = CoreGraphics.framework; path = System/Library/Frameworks/CoreGraphics.framework; sourceTree = SDKROOT; };
		D57B461E159ECF3D000ABE38 /* Calculator-Info.plist */ = {isa = PBXFileReference; path = "Calculator-Info.plist"; sourceTree = "<group>"; };
		D57B4620159ECF3D000ABE38 /* en */ = {isa = PBXFileReference; lastKnownFileType = text.plist.strings; name = en; path = en.lproj/InfoPlist.strings; sourceTree = "<group>"; };
		D57B4622159ECF3D000ABE38 /* main.m */ = {isa = PBXFileReference; lastKnownFileType = sourcecode.c.objc; path = main.m; sourceTree = "<group>"; };
		D57B4624159ECF3D000ABE38 /* Calculator-Prefix.pch */ = {isa = PBXFileReference; path = "Calculator-Prefix.pch"; sourceTree = "<group>"; };
		D57B4625159ECF3D000ABE38 /* CalculatorAppDelegate.h */ = {isa = PBXFileReference; path = CalculatorAppDelegate.h; sourceTree = "<group>"; };
		D57B4626159ECF3D000ABE38 /* CalculatorAppDelegate.m */ = {isa = PBXFileReference; lastKnownFileType = sourcecode.c.objc; path = CalculatorAppDelegate.m; sourceTree = "<group>"; };
		D57B4629159ECF3D000ABE38 /* en */ = {isa = PBXFileReference; lastKnownFileType = file.storyboard; name = en; path = en.lproj/MainStoryboard.storyboard; sourceTree = "<group>"; };
		D57B462B159ECF3D000ABE38 /* CalculatorViewController.h */ = {isa = PBXFileReference; path = CalculatorViewController.h; sourceTree = "<group>"; };
		D57B462C159ECF3D000ABE38 /* CalculatorViewController.m */ = {isa = PBXFileReference; lastKnownFileType = sourcecode.c.objc; path = CalculatorViewController.m; sourceTree = "<group>"; };
/* End PBXFileReference section */

/* Begin PBXFrameworksBuildPhase section */
		D57B460F159ECF3C000ABE38 /* Frameworks */ = {
			isa = PBXFrameworksBuildPhase;
			buildActionMask = 2147483647;
			files = (
				D57B4617159ECF3D000ABE38 /* UIKit.framework in Frameworks */,
				D57B4619159ECF3D000ABE38 /* Foundation.framework in Frameworks */,
				D57B461B159ECF3D000ABE38 /* CoreGraphics.framework in Frameworks */,
			);
			runOnlyForDeploymentPostprocessing = 0;
		};
/* End PBXFrameworksBuildPhase section */

/* Begin PBXGroup section */
		D57B4607159ECF3B000ABE38 = {
			isa = PBXGroup;
			children = (
				D57B461C159ECF3D000ABE38 /* Calculator */,
				D57B4615159ECF3C000ABE38 /* Frameworks */,
				D57B4613159ECF3C000ABE38 /* Products */,
			);
			sourceTree = "<group>";
		};
		D57B4613159ECF3C000ABE38 /* Products */ = {
			isa = PBXGroup;
			children = (
				D57B4612159ECF3C000ABE38 /* Calculator.app */,
			);
			name = Products;
			sourceTree = "<group>";
		};
		D57B4615159ECF3C000ABE38 /* Frameworks */ = {
			isa = PBXGroup;
			children = (
				D57B4616159ECF3D000ABE38 /* UIKit.framework */,
				D57B4618159ECF3D000ABE38 /* Foundation.framework */,
				D57B461A159ECF3D000ABE38 /* CoreGraphics.framework */,
			);
			name = Frameworks;
			sourceTree = "<group>";
		};
		D57B461C159ECF3D000ABE38 /* Calculator */ = {
			isa = PBXGroup;
			children = (
				D57B4625159ECF3D000ABE38 /* CalculatorAppDelegate.h */,
				D57B4626159ECF3D000ABE38 /* CalculatorAppDelegate.m */,
				D57B4628159ECF3D000ABE38 /* MainStoryboard.storyboard */,
				D57B462B159ECF3D000ABE38 /* CalculatorViewController.h */,
				D57B462C159ECF3D000ABE38 /* CalculatorViewController.m */,
				D57B461D159ECF3D000ABE38 /* Supporting Files */,
			);
			path = Calculator;
			sourceTree = "<group>";
		};
		D57B461D159ECF3D000ABE38 /* Supporting Files */ = {
			isa = PBXGroup;
			children = (
				D57B461E159ECF3D000ABE38 /* Calculator-Info.plist */,
				D57B461F159ECF3D000ABE38 /* InfoPlist.strings */,
				D57B4622159ECF3D000ABE38 /* main.m */,
				D57B4624159ECF3D000ABE38 /* Calculator-Prefix.pch */,
			);
			name = "Supporting Files";
			sourceTree = "<group>";
		};
/* End PBXGroup section */

/* Begin PBXNativeTarget section */
		D57B4611159ECF3C000ABE38 /* Calculator */ = {
			isa = PBXNativeTarget;
			buildConfigurationList = D57B4630159ECF3D000ABE38 /* Build configuration list for PBXNativeTarget "Calculator" */;
			buildPhases = (
				D57B460E159ECF3C000ABE38 /* Sources */,
				D57B460F159ECF3C000ABE38 /* Frameworks */,
				D57B4610159ECF3C000ABE38 /* Resources */,
			);
			buildRules = (
			);
			dependencies = (
			);
			name = Calculator;
			productName = Calculator;
			productReference = D57B4612159ECF3C000ABE38 /* Calculator.app */;
			productType = "com.apple.product-type.application";
		};
/* End PBXNativeTarget section */

/* Begin PBXProject section */
		D57B4609159ECF3B000ABE38 /* Project object */ = {
			isa = PBXProject;
			attributes = {
				CLASSPREFIX = Calculator;
				LastUpgradeCheck = 0430;
				ORGANIZATIONNAME = RealNetworks;
			};
			buildConfigurationList = D57B460C159ECF3B000ABE38 /* Build configuration list for PBXProject "Calculator" */;
			compatibilityVersion = "Xcode 3.2";
			developmentRegion = English;
			hasScannedForEncodings = 0;
			knownRegions = (
				en,
			);
			mainGroup = D57B4607159ECF3B000ABE38;
			productRefGroup = D57B4613159ECF3C000ABE38 /* Products */;
			projectDirPath = "";
			projectRoot = "";
			targets = (
				D57B4611159ECF3C000ABE38 /* Calculator */,
			);
		};
/* End PBXProject section */

/* Begin PBXResourcesBuildPhase section */
		D57B4610159ECF3C000ABE38 /* Resources */ = {
			isa = PBXResourcesBuildPhase;
			buildActionMask = 2147483647;
			files = (
				D57B4621159ECF3D000ABE38 /* InfoPlist.strings in Resources */,
				D57B462A159ECF3D000ABE38 /* MainStoryboard.storyboard in Resources */,
			);
			runOnlyForDeploymentPostprocessing = 0;
		};
/* End PBXResourcesBuildPhase section */

/* Begin PBXSourcesBuildPhase section */
		D57B460E159ECF3C000ABE38 /* Sources */ = {
			isa = PBXSourcesBuildPhase;
			buildActionMask = 2147483647;
			files = (
				D57B4623159ECF3D000ABE38 /* main.m in Sources */,
				D57B4627159ECF3D000ABE38 /* CalculatorAppDelegate.m in Sources */,
				D57B462D159ECF3D000ABE38 /* CalculatorViewController.m in Sources */,
			);
			runOnlyForDeploymentPostprocessing = 0;
		};
/* End PBXSourcesBuildPhase section */

/* Begin PBXVariantGroup section */
		D57B461F159ECF3D000ABE38 /* InfoPlist.strings */ = {
			isa = PBXVariantGroup;
			children = (
				D57B4620159ECF3D000ABE38 /* en */,
			);
			name = InfoPlist.strings;
			sourceTree = "<group>";
		};
		D57B4628159ECF3D000ABE38 /* MainStoryboard.storyboard */ = {
			isa = PBXVariantGroup;
			children = (
				D57B4629159ECF3D000ABE38 /* en */,
			);
			name = MainStoryboard.storyboard;
			sourceTree = "<group>";
		};
/* End PBXVariantGroup section */

/* Begin XCBuildConfiguration section */
		D57B462E159ECF3D000ABE38 /* Debug */ = {
			isa = XCBuildConfiguration;
			buildSettings = {
				ALWAYS_SEARCH_USER_PATHS = NO;
				ARCHS = "$(ARCHS_STANDARD_32_BIT)";
				CLANG_ENABLE_OBJC_ARC = YES;
				"CODE_SIGN_IDENTITY[sdk=iphoneos*]" = "iPhone Developer";
				COPY_PHASE_STRIP = NO;
				GCC_C_LANGUAGE_STANDARD = gnu99;
				GCC_DYNAMIC_NO_PIC = NO;
				GCC_OPTIMIZATION_LEVEL = 0;
				GCC_PREPROCESSOR_DEFINITIONS = (
					"DEBUG=1",
					"$(inherited)",
				);
				GCC_SYMBOLS_PRIVATE_EXTERN = NO;
				GCC_VERSION = com.apple.compilers.llvm.clang.1_0;
				GCC_WARN_ABOUT_RETURN_TYPE = YES;
				GCC_WARN_UNINITIALIZED_AUTOS = YES;
				GCC_WARN_UNUSED_VARIABLE = YES;
				IPHONEOS_DEPLOYMENT_TARGET = 5.1;
				SDKROOT = iphoneos;
			};
			name = Debug;
		};
		D57B462F159ECF3D000ABE38 /* Release */ = {
			isa = XCBuildConfiguration;
			buildSettings = {
				ALWAYS_SEARCH_USER_PATHS = NO;
				ARCHS = "$(ARCHS_STANDARD_32_BIT)";
				CLANG_ENABLE_OBJC_ARC = YES;
				"CODE_SIGN_IDENTITY[sdk=iphoneos*]" = "iPhone Developer";
				COPY_PHASE_STRIP = YES;
				GCC_C_LANGUAGE_STANDARD = gnu99;
				GCC_VERSION = com.apple.compilers.llvm.clang.1_0;
				GCC_WARN_ABOUT_RETURN_TYPE = YES;
				GCC_WARN_UNINITIALIZED_AUTOS = YES;
				GCC_WARN_UNUSED_VARIABLE = YES;
				IPHONEOS_DEPLOYMENT_TARGET = 5.1;
				OTHER_CFLAGS = "-DNS_BLOCK_ASSERTIONS=1";
				SDKROOT = iphoneos;
				VALIDATE_PRODUCT = YES;
			};
			name = Release;
		};
		D57B4631159ECF3D000ABE38 /* Debug */ = {
			isa = XCBuildConfiguration;
			buildSettings = {
				GCC_PRECOMPILE_PREFIX_HEADER = YES;
				GCC_PREFIX_HEADER = "Calculator/Calculator-Prefix.pch";
				INFOPLIST_FILE = "Calculator/Calculator-Info.plist";
				PRODUCT_NAME = "$(TARGET_NAME)";
				WRAPPER_EXTENSION = app;
			};
			name = Debug;
		};
		D57B4632159ECF3D000ABE38 /* Release */ = {
			isa = XCBuildConfiguration;
			buildSettings = {
				GCC_PRECOMPILE_PREFIX_HEADER = YES;
				GCC_PREFIX_HEADER = "Calculator/Calculator-Prefix.pch";
				INFOPLIST_FILE = "Calculator/Calculator-Info.plist";
				PRODUCT_NAME = "$(TARGET_NAME)";
				WRAPPER_EXTENSION = app;
			};
			name = Release;
		};
/* End XCBuildConfiguration section */

/* Begin XCConfigurationList section */
		D57B460C159ECF3B000ABE38 /* Build configuration list for PBXProject "Calculator" */ = {
			isa = XCConfigurationList;
			buildConfigurations = (
				D57B462E159ECF3D000ABE38 /* Debug */,
				D57B462F159ECF3D000ABE38 /* Release */,
			);
			defaultConfigurationIsVisible = 0;
			defaultConfigurationName = Release;
		};
		D57B4630159ECF3D000ABE38 /* Build configuration list for PBXNativeTarget "Calculator" */ = {
			isa = XCConfigurationList;
			buildConfigurations = (
				D57B4631159ECF3D000ABE38 /* Debug */,
				D57B4632159ECF3D000ABE38 /* Release */,
			);
			defaultConfigurationIsVisible = 0;
		};
/* End XCConfigurationList section */
	};
	rootObject = D57B4609159ECF3B000ABE38 /* Project object */;
}
